
Microsoft Visual Studio Solution File, Format Version 12.00
# Visual Studio Version 16
VisualStudioVersion = 16.0.31515.178
MinimumVisualStudioVersion = 10.0.40219.1
Project("{8BC9CEB8-8B4A-11D0-8D11-00A0C91BC942}") = "Persona", "Persona\Persona.vcxproj", "{6C61CD2E-2A46-4B2D-AF91-8068A43E71F3}"
EndProject
Project("{8BC9CEB8-8B4A-11D0-8D11-00A0C91BC942}") = "Sandbox", "Sandbox\Sandbox.vcxproj", "{50D6BC8F-3CA7-47EB-8DDD-C44808F9492C}"
EndProject
Project("{8BC9CEB8-8B4A-11D0-8D11-00A0C91BC942}") = "vendor", "vendor\vendor.vcxitems", "{7A4B3DF1-AC5D-4A5D-9543-39D941054006}"
EndProject
Global
	GlobalSection(SharedMSBuildProjectFiles) = preSolution
		vendor\vendor.vcxitems*{50d6bc8f-3ca7-47eb-8ddd-c44808f9492c}*SharedItemsImports = 4
		vendor\vendor.vcxitems*{7a4b3df1-ac5d-4a5d-9543-39d941054006}*SharedItemsImports = 9
	EndGlobalSection
	GlobalSection(SolutionConfigurationPlatforms) = preSolution
		Debug|x64 = Debug|x64
		Debug|x86 = Debug|x86
		Release|x64 = Release|x64
		Release|x86 = Release|x86
	EndGlobalSection
	GlobalSection(ProjectConfigurationPlatforms) = postSolution
		{6C61CD2E-2A46-4B2D-AF91-8068A43E71F3}.Debug|x64.ActiveCfg = Debug|x64
		{6C61CD2E-2A46-4B2D-AF91-8068A43E71F3}.Debug|x64.Build.0 = Debug|x64
		{6C61CD2E-2A46-4B2D-AF91-8068A43E71F3}.Debug|x86.ActiveCfg = Debug|x64
		{6C61CD2E-2A46-4B2D-AF91-8068A43E71F3}.Release|x64.ActiveCfg = Release|x64
		{6C61CD2E-2A46-4B2D-AF91-8068A43E71F3}.Release|x64.Build.0 = Release|x64
		{6C61CD2E-2A46-4B2D-AF91-8068A43E71F3}.Release|x86.ActiveCfg = Release|x64
		{50D6BC8F-3CA7-47EB-8DDD-C44808F9492C}.Debug|x64.ActiveCfg = Debug|x64
		{50D6BC8F-3CA7-47EB-8DDD-C44808F9492C}.Debug|x64.Build.0 = Debug|x64
		{50D6BC8F-3CA7-47EB-8DDD-C44808F9492C}.Debug|x86.ActiveCfg = Debug|x64
		{50D6BC8F-3CA7-47EB-8DDD-C44808F9492C}.Release|x64.ActiveCfg = Release|x64
		{50D6BC8F-3CA7-47EB-8DDD-C44808F9492C}.Release|x64.Build.0 = Release|x64
		{50D6BC8F-3CA7-47EB-8DDD-C44808F9492C}.Release|x86.ActiveCfg = Release|x64
	EndGlobalSection
	GlobalSection(SolutionProperties) = preSolution
		HideSolutionNode = FALSE
	EndGlobalSection
	GlobalSection(ExtensibilityGlobals) = postSolution
		SolutionGuid = {353A0346-B9E1-46AB-BEF1-EFC14E7444DD}
	EndGlobalSection
EndGlobal
